{
  "requires": true,
  "lockfileVersion": 1,
  "dependencies": {
    "lazysizes": {
      "version": "4.1.7",
      "resolved": "https://registry.npmjs.org/lazysizes/-/lazysizes-4.1.7.tgz",
      "integrity": "sha512-icCNEAj4uQJt3MVBHo5Gx7FEuX6UYMrsS2x3M6jlUVnLGeb/K8iD4GsjCsLAlOJcpCJZgTFPozaYZboK3WigHw=="
    }
  }
}
